
Microsoft Visual Studio Solution File, Format Version 12.00
# Visual Studio 15
VisualStudioVersion = 15.0.28307.1340
MinimumVisualStudioVersion = 10.0.40219.1
Project("{00D1A9C2-B5F0-4AF3-8072-F6C62B433612}") = "Database1", "Database1\Database1.sqlproj", "{E4045DFE-7B5D-4A62-B0AF-2E3F625B924A}"
EndProject
Global
	GlobalSection(SolutionConfigurationPlatforms) = preSolution
		Debug|Any CPU = Debug|Any CPU
		Release|Any CPU = Release|Any CPU
	EndGlobalSection
	GlobalSection(ProjectConfigurationPlatforms) = postSolution
		{E4045DFE-7B5D-4A62-B0AF-2E3F625B924A}.Debug|Any CPU.ActiveCfg = Debug|Any CPU
		{E4045DFE-7B5D-4A62-B0AF-2E3F625B924A}.Debug|Any CPU.Build.0 = Debug|Any CPU
		{E4045DFE-7B5D-4A62-B0AF-2E3F625B924A}.Debug|Any CPU.Deploy.0 = Debug|Any CPU
		{E4045DFE-7B5D-4A62-B0AF-2E3F625B924A}.Release|Any CPU.ActiveCfg = Release|Any CPU
		{E4045DFE-7B5D-4A62-B0AF-2E3F625B924A}.Release|Any CPU.Build.0 = Release|Any CPU
		{E4045DFE-7B5D-4A62-B0AF-2E3F625B924A}.Release|Any CPU.Deploy.0 = Release|Any CPU
	EndGlobalSection
	GlobalSection(SolutionProperties) = preSolution
		HideSolutionNode = FALSE
	EndGlobalSection
	GlobalSection(ExtensibilityGlobals) = postSolution
		SolutionGuid = {654B1AF0-4014-4288-ACA6-8E3FF0629704}
	EndGlobalSection
EndGlobal
